
Microsoft Visual Studio Solution File, Format Version 12.00
# Visual Studio 15
VisualStudioVersion = 15.0.28010.2041
MinimumVisualStudioVersion = 10.0.40219.1
Project("{FAE04EC0-301F-11D3-BF4B-00C04F79EFBC}") = "MvcMovie", "MvcMovie\MvcMovie.csproj", "{CC628704-4CD0-4C2D-AE10-F668E3F5F508}"
EndProject
Global
	GlobalSection(SolutionConfigurationPlatforms) = preSolution
		Debug|Any CPU = Debug|Any CPU
		Release|Any CPU = Release|Any CPU
	EndGlobalSection
	GlobalSection(ProjectConfigurationPlatforms) = postSolution
		{CC628704-4CD0-4C2D-AE10-F668E3F5F508}.Debug|Any CPU.ActiveCfg = Debug|Any CPU
		{CC628704-4CD0-4C2D-AE10-F668E3F5F508}.Debug|Any CPU.Build.0 = Debug|Any CPU
		{CC628704-4CD0-4C2D-AE10-F668E3F5F508}.Release|Any CPU.ActiveCfg = Release|Any CPU
		{CC628704-4CD0-4C2D-AE10-F668E3F5F508}.Release|Any CPU.Build.0 = Release|Any CPU
	EndGlobalSection
	GlobalSection(SolutionProperties) = preSolution
		HideSolutionNode = FALSE
	EndGlobalSection
	GlobalSection(ExtensibilityGlobals) = postSolution
		SolutionGuid = {C1FF65D8-14B0-4CB4-9807-C54DB850491B}
	EndGlobalSection
EndGlobal
